
Microsoft Visual Studio Solution File, Format Version 12.00
# Visual Studio Version 17
VisualStudioVersion = 17.1.32407.343
MinimumVisualStudioVersion = 10.0.40219.1
Project("{9A19103F-16F7-4668-BE54-9A1E7A4F7556}") = "Backend", "Backend\Backend.csproj", "{7505A1D8-1653-4BBE-B06E-4B468783E848}"
EndProject
Project("{9A19103F-16F7-4668-BE54-9A1E7A4F7556}") = "Persistence", "Persistence\Persistence.csproj", "{B1BE74F2-EAC9-498E-91CB-1E79529E4D3F}"
EndProject
Global
	GlobalSection(SolutionConfigurationPlatforms) = preSolution
		Debug|Any CPU = Debug|Any CPU
		Release|Any CPU = Release|Any CPU
	EndGlobalSection
	GlobalSection(ProjectConfigurationPlatforms) = postSolution
		{7505A1D8-1653-4BBE-B06E-4B468783E848}.Debug|Any CPU.ActiveCfg = Debug|Any CPU
		{7505A1D8-1653-4BBE-B06E-4B468783E848}.Debug|Any CPU.Build.0 = Debug|Any CPU
		{7505A1D8-1653-4BBE-B06E-4B468783E848}.Release|Any CPU.ActiveCfg = Release|Any CPU
		{7505A1D8-1653-4BBE-B06E-4B468783E848}.Release|Any CPU.Build.0 = Release|Any CPU
		{B1BE74F2-EAC9-498E-91CB-1E79529E4D3F}.Debug|Any CPU.ActiveCfg = Debug|Any CPU
		{B1BE74F2-EAC9-498E-91CB-1E79529E4D3F}.Debug|Any CPU.Build.0 = Debug|Any CPU
		{B1BE74F2-EAC9-498E-91CB-1E79529E4D3F}.Release|Any CPU.ActiveCfg = Release|Any CPU
		{B1BE74F2-EAC9-498E-91CB-1E79529E4D3F}.Release|Any CPU.Build.0 = Release|Any CPU
	EndGlobalSection
	GlobalSection(SolutionProperties) = preSolution
		HideSolutionNode = FALSE
	EndGlobalSection
	GlobalSection(ExtensibilityGlobals) = postSolution
		SolutionGuid = {60FADF71-4F38-4904-8EF1-08B21C3969C8}
	EndGlobalSection
EndGlobal
